{
  "nodes": {
    "nixpkgs": {
      "locked": {
        "lastModified": 0,
        "narHash": "sha256-AltUA8bPbXeRgzcDhQEURVHqQhTByxk6Xtgf+CYmEFk=",
        "path": "/nix/store/x775yfa3xwc6wfsy8z0mmq40wyk8vma6-source",
        "type": "path"
      },
      "original": {
        "id": "nixpkgs",
        "type": "indirect"
      }
    },
    "root": {
      "inputs": {
        "nixpkgs": "nixpkgs"
      }
    }
  },
  "root": "root",
  "version": 7
}
